// !$*UTF8*$!
{
	archiveVersion = 1;
	classes = {
	};
	objectVersion = 46;
	objects = {

/* Begin PBXBuildFile section */
		0ABAFEE830BDC41CAFEEA4FF /* Pods_DeafNews.framework in Frameworks */ = {isa = PBXBuildFile; fileRef = 7B29C2D13135CF9093731537 /* Pods_DeafNews.framework */; settings = {ATTRIBUTES = (Weak, ); }; };
		1F44B5651BBD8CF700C00715 /* SideBarTableViewController.swift in Sources */ = {isa = PBXBuildFile; fileRef = 1F44B5641BBD8CF700C00715 /* SideBarTableViewController.swift */; settings = {ASSET_TAGS = (); }; };
		1F6FEC161BC3B4010019C033 /* NewsViewController.swift in Sources */ = {isa = PBXBuildFile; fileRef = 1F6FEC151BC3B4010019C033 /* NewsViewController.swift */; settings = {ASSET_TAGS = (); }; };
		1F6FEC181BC3BD980019C033 /* FeedTableViewCell.swift in Sources */ = {isa = PBXBuildFile; fileRef = 1F6FEC171BC3BD980019C033 /* FeedTableViewCell.swift */; settings = {ASSET_TAGS = (); }; };
		1F6FEC1A1BC3E7D10019C033 /* Feed.swift in Sources */ = {isa = PBXBuildFile; fileRef = 1F6FEC191BC3E7D10019C033 /* Feed.swift */; settings = {ASSET_TAGS = (); }; };
		1FA4DDEB1BBAC7A700EE7E14 /* AppDelegate.swift in Sources */ = {isa = PBXBuildFile; fileRef = 1FA4DDEA1BBAC7A700EE7E14 /* AppDelegate.swift */; };
		1FA4DDF01BBAC7A700EE7E14 /* Main.storyboard in Resources */ = {isa = PBXBuildFile; fileRef = 1FA4DDEE1BBAC7A700EE7E14 /* Main.storyboard */; };
		1FA4DDF31BBAC7A700EE7E14 /* DeafNews.xcdatamodeld in Sources */ = {isa = PBXBuildFile; fileRef = 1FA4DDF11BBAC7A700EE7E14 /* DeafNews.xcdatamodeld */; };
		1FA4DDF51BBAC7A700EE7E14 /* Assets.xcassets in Resources */ = {isa = PBXBuildFile; fileRef = 1FA4DDF41BBAC7A700EE7E14 /* Assets.xcassets */; };
		1FA4DDF81BBAC7A700EE7E14 /* LaunchScreen.storyboard in Resources */ = {isa = PBXBuildFile; fileRef = 1FA4DDF61BBAC7A700EE7E14 /* LaunchScreen.storyboard */; };
		1FA4DE001BBAC7E300EE7E14 /* MainTableViewController.swift in Sources */ = {isa = PBXBuildFile; fileRef = 1FA4DDFF1BBAC7E300EE7E14 /* MainTableViewController.swift */; settings = {ASSET_TAGS = (); }; };
/* End PBXBuildFile section */

/* Begin PBXFileReference section */
		1F44B5641BBD8CF700C00715 /* SideBarTableViewController.swift */ = {isa = PBXFileReference; fileEncoding = 4; lastKnownFileType = sourcecode.swift; path = SideBarTableViewController.swift; sourceTree = "<group>"; };
		1F6FEC151BC3B4010019C033 /* NewsViewController.swift */ = {isa = PBXFileReference; fileEncoding = 4; lastKnownFileType = sourcecode.swift; path = NewsViewController.swift; sourceTree = "<group>"; };
		1F6FEC171BC3BD980019C033 /* FeedTableViewCell.swift */ = {isa = PBXFileReference; fileEncoding = 4; lastKnownFileType = sourcecode.swift; path = FeedTableViewCell.swift; sourceTree = "<group>"; };
		1F6FEC191BC3E7D10019C033 /* Feed.swift */ = {isa = PBXFileReference; fileEncoding = 4; lastKnownFileType = sourcecode.swift; path = Feed.swift; sourceTree = "<group>"; };
		1FA4DDE71BBAC7A700EE7E14 /* DeafNews.app */ = {isa = PBXFileReference; explicitFileType = wrapper.application; includeInIndex = 0; path = DeafNews.app; sourceTree = BUILT_PRODUCTS_DIR; };
		1FA4DDEA1BBAC7A700EE7E14 /* AppDelegate.swift */ = {isa = PBXFileReference; lastKnownFileType = sourcecode.swift; path = AppDelegate.swift; sourceTree = "<group>"; };
		1FA4DDEF1BBAC7A700EE7E14 /* Base */ = {isa = PBXFileReference; lastKnownFileType = file.storyboard; name = Base; path = Base.lproj/Main.storyboard; sourceTree = "<group>"; };
		1FA4DDF21BBAC7A700EE7E14 /* DeafNews.xcdatamodel */ = {isa = PBXFileReference; lastKnownFileType = wrapper.xcdatamodel; path = DeafNews.xcdatamodel; sourceTree = "<group>"; };
		1FA4DDF41BBAC7A700EE7E14 /* Assets.xcassets */ = {isa = PBXFileReference; lastKnownFileType = folder.assetcatalog; path = Assets.xcassets; sourceTree = "<group>"; };
		1FA4DDF71BBAC7A700EE7E14 /* Base */ = {isa = PBXFileReference; lastKnownFileType = file.storyboard; name = Base; path = Base.lproj/LaunchScreen.storyboard; sourceTree = "<group>"; };
		1FA4DDF91BBAC7A700EE7E14 /* Info.plist */ = {isa = PBXFileReference; lastKnownFileType = text.plist.xml; path = Info.plist; sourceTree = "<group>"; };
		1FA4DDFF1BBAC7E300EE7E14 /* MainTableViewController.swift */ = {isa = PBXFileReference; fileEncoding = 4; lastKnownFileType = sourcecode.swift; path = MainTableViewController.swift; sourceTree = "<group>"; };
		1FFD91461BC409E500314510 /* DeafNews-Bridging-Header.h */ = {isa = PBXFileReference; fileEncoding = 4; lastKnownFileType = sourcecode.c.h; path = "DeafNews-Bridging-Header.h"; sourceTree = "<group>"; };
		201AC0F4E1A0877CBD4A2EAC /* Pods-DeafNews.debug.xcconfig */ = {isa = PBXFileReference; includeInIndex = 1; lastKnownFileType = text.xcconfig; name = "Pods-DeafNews.debug.xcconfig"; path = "Pods/Target Support Files/Pods-DeafNews/Pods-DeafNews.debug.xcconfig"; sourceTree = "<group>"; };
		22FD57F39AA47A37A60E7166 /* Pods-DeafNews.release.xcconfig */ = {isa = PBXFileReference; includeInIndex = 1; lastKnownFileType = text.xcconfig; name = "Pods-DeafNews.release.xcconfig"; path = "Pods/Target Support Files/Pods-DeafNews/Pods-DeafNews.release.xcconfig"; sourceTree = "<group>"; };
		7B29C2D13135CF9093731537 /* Pods_DeafNews.framework */ = {isa = PBXFileReference; explicitFileType = wrapper.framework; includeInIndex = 0; path = Pods_DeafNews.framework; sourceTree = BUILT_PRODUCTS_DIR; };
/* End PBXFileReference section */

/* Begin PBXFrameworksBuildPhase section */
		1FA4DDE41BBAC7A700EE7E14 /* Frameworks */ = {
			isa = PBXFrameworksBuildPhase;
			buildActionMask = 2147483647;
			files = (
				0ABAFEE830BDC41CAFEEA4FF /* Pods_DeafNews.framework in Frameworks */,
			);
			runOnlyForDeploymentPostprocessing = 0;
		};
/* End PBXFrameworksBuildPhase section */

/* Begin PBXGroup section */
		1FA4DDDE1BBAC7A700EE7E14 = {
			isa = PBXGroup;
			children = (
				1FA4DDE91BBAC7A700EE7E14 /* DeafNews */,
				1FA4DDE81BBAC7A700EE7E14 /* Products */,
				5A6A8ED497F3CBDAA0687889 /* Pods */,
				74C5C17B036A490368C6518B /* Frameworks */,
			);
			sourceTree = "<group>";
		};
		1FA4DDE81BBAC7A700EE7E14 /* Products */ = {
			isa = PBXGroup;
			children = (
				1FA4DDE71BBAC7A700EE7E14 /* DeafNews.app */,
			);
			name = Products;
			sourceTree = "<group>";
		};
		1FA4DDE91BBAC7A700EE7E14 /* DeafNews */ = {
			isa = PBXGroup;
			children = (
				1F6FEC191BC3E7D10019C033 /* Feed.swift */,
				1FA4DDEA1BBAC7A700EE7E14 /* AppDelegate.swift */,
				1FA4DDFF1BBAC7E300EE7E14 /* MainTableViewController.swift */,
				1F44B5641BBD8CF700C00715 /* SideBarTableViewController.swift */,
				1F6FEC171BC3BD980019C033 /* FeedTableViewCell.swift */,
				1F6FEC151BC3B4010019C033 /* NewsViewController.swift */,
				1FA4DDEE1BBAC7A700EE7E14 /* Main.storyboard */,
				1FA4DDF41BBAC7A700EE7E14 /* Assets.xcassets */,
				1FA4DDF61BBAC7A700EE7E14 /* LaunchScreen.storyboard */,
				1FA4DDF91BBAC7A700EE7E14 /* Info.plist */,
				1FA4DDF11BBAC7A700EE7E14 /* DeafNews.xcdatamodeld */,
				1FFD91461BC409E500314510 /* DeafNews-Bridging-Header.h */,
			);
			path = DeafNews;
			sourceTree = "<group>";
		};
		5A6A8ED497F3CBDAA0687889 /* Pods */ = {
			isa = PBXGroup;
			children = (
				201AC0F4E1A0877CBD4A2EAC /* Pods-DeafNews.debug.xcconfig */,
				22FD57F39AA47A37A60E7166 /* Pods-DeafNews.release.xcconfig */,
			);
			name = Pods;
			sourceTree = "<group>";
		};
		74C5C17B036A490368C6518B /* Frameworks */ = {
			isa = PBXGroup;
			children = (
				7B29C2D13135CF9093731537 /* Pods_DeafNews.framework */,
			);
			name = Frameworks;
			sourceTree = "<group>";
		};
/* End PBXGroup section */

/* Begin PBXNativeTarget section */
		1FA4DDE61BBAC7A700EE7E14 /* DeafNews */ = {
			isa = PBXNativeTarget;
			buildConfigurationList = 1FA4DDFC1BBAC7A700EE7E14 /* Build configuration list for PBXNativeTarget "DeafNews" */;
			buildPhases = (
				1D7BF5D5CDCD86AA391746C5 /* Check Pods Manifest.lock */,
				1FA4DDE31BBAC7A700EE7E14 /* Sources */,
				1FA4DDE41BBAC7A700EE7E14 /* Frameworks */,
				1FA4DDE51BBAC7A700EE7E14 /* Resources */,
				48C89A9F7F530E26F4210557 /* Copy Pods Resources */,
				43529496C166499BBBD78F0C /* Embed Pods Frameworks */,
			);
			buildRules = (
			);
			dependencies = (
			);
			name = DeafNews;
			productName = DeafNews;
			productReference = 1FA4DDE71BBAC7A700EE7E14 /* DeafNews.app */;
			productType = "com.apple.product-type.application";
		};
/* End PBXNativeTarget section */

/* Begin PBXProject section */
		1FA4DDDF1BBAC7A700EE7E14 /* Project object */ = {
			isa = PBXProject;
			attributes = {
				LastSwiftUpdateCheck = 0700;
				LastUpgradeCheck = 0700;
				ORGANIZATIONNAME = "Александр";
				TargetAttributes = {
					1FA4DDE61BBAC7A700EE7E14 = {
						CreatedOnToolsVersion = 7.0;
					};
				};
			};
			buildConfigurationList = 1FA4DDE21BBAC7A700EE7E14 /* Build configuration list for PBXProject "DeafNews" */;
			compatibilityVersion = "Xcode 3.2";
			developmentRegion = English;
			hasScannedForEncodings = 0;
			knownRegions = (
				en,
				Base,
			);
			mainGroup = 1FA4DDDE1BBAC7A700EE7E14;
			productRefGroup = 1FA4DDE81BBAC7A700EE7E14 /* Products */;
			projectDirPath = "";
			projectRoot = "";
			targets = (
				1FA4DDE61BBAC7A700EE7E14 /* DeafNews */,
			);
		};
/* End PBXProject section */

/* Begin PBXResourcesBuildPhase section */
		1FA4DDE51BBAC7A700EE7E14 /* Resources */ = {
			isa = PBXResourcesBuildPhase;
			buildActionMask = 2147483647;
			files = (
				1FA4DDF81BBAC7A700EE7E14 /* LaunchScreen.storyboard in Resources */,
				1FA4DDF51BBAC7A700EE7E14 /* Assets.xcassets in Resources */,
				1FA4DDF01BBAC7A700EE7E14 /* Main.storyboard in Resources */,
			);
			runOnlyForDeploymentPostprocessing = 0;
		};
/* End PBXResourcesBuildPhase section */

/* Begin PBXShellScriptBuildPhase section */
		1D7BF5D5CDCD86AA391746C5 /* Check Pods Manifest.lock */ = {
			isa = PBXShellScriptBuildPhase;
			buildActionMask = 2147483647;
			files = (
			);
			inputPaths = (
			);
			name = "Check Pods Manifest.lock";
			outputPaths = (
			);
			runOnlyForDeploymentPostprocessing = 0;
			shellPath = /bin/sh;
			shellScript = "diff \"${PODS_ROOT}/../Podfile.lock\" \"${PODS_ROOT}/Manifest.lock\" > /dev/null\nif [[ $? != 0 ]] ; then\n    cat << EOM\nerror: The sandbox is not in sync with the Podfile.lock. Run 'pod install' or update your CocoaPods installation.\nEOM\n    exit 1\nfi\n";
			showEnvVarsInLog = 0;
		};
		43529496C166499BBBD78F0C /* Embed Pods Frameworks */ = {
			isa = PBXShellScriptBuildPhase;
			buildActionMask = 2147483647;
			files = (
			);
			inputPaths = (
			);
			name = "Embed Pods Frameworks";
			outputPaths = (
			);
			runOnlyForDeploymentPostprocessing = 0;
			shellPath = /bin/sh;
			shellScript = "\"${SRCROOT}/Pods/Target Support Files/Pods-DeafNews/Pods-DeafNews-frameworks.sh\"\n";
			showEnvVarsInLog = 0;
		};
		48C89A9F7F530E26F4210557 /* Copy Pods Resources */ = {
			isa = PBXShellScriptBuildPhase;
			buildActionMask = 2147483647;
			files = (
			);
			inputPaths = (
			);
			name = "Copy Pods Resources";
			outputPaths = (
			);
			runOnlyForDeploymentPostprocessing = 0;
			shellPath = /bin/sh;
			shellScript = "\"${SRCROOT}/Pods/Target Support Files/Pods-DeafNews/Pods-DeafNews-resources.sh\"\n";
			showEnvVarsInLog = 0;
		};
/* End PBXShellScriptBuildPhase section */

/* Begin PBXSourcesBuildPhase section */
		1FA4DDE31BBAC7A700EE7E14 /* Sources */ = {
			isa = PBXSourcesBuildPhase;
			buildActionMask = 2147483647;
			files = (
				1FA4DDEB1BBAC7A700EE7E14 /* AppDelegate.swift in Sources */,
				1F6FEC181BC3BD980019C033 /* FeedTableViewCell.swift in Sources */,
				1FA4DE001BBAC7E300EE7E14 /* MainTableViewController.swift in Sources */,
				1F6FEC1A1BC3E7D10019C033 /* Feed.swift in Sources */,
				1FA4DDF31BBAC7A700EE7E14 /* DeafNews.xcdatamodeld in Sources */,
				1F6FEC161BC3B4010019C033 /* NewsViewController.swift in Sources */,
				1F44B5651BBD8CF700C00715 /* SideBarTableViewController.swift in Sources */,
			);
			runOnlyForDeploymentPostprocessing = 0;
		};
/* End PBXSourcesBuildPhase section */

/* Begin PBXVariantGroup section */
		1FA4DDEE1BBAC7A700EE7E14 /* Main.storyboard */ = {
			isa = PBXVariantGroup;
			children = (
				1FA4DDEF1BBAC7A700EE7E14 /* Base */,
			);
			name = Main.storyboard;
			sourceTree = "<group>";
		};
		1FA4DDF61BBAC7A700EE7E14 /* LaunchScreen.storyboard */ = {
			isa = PBXVariantGroup;
			children = (
				1FA4DDF71BBAC7A700EE7E14 /* Base */,
			);
			name = LaunchScreen.storyboard;
			sourceTree = "<group>";
		};
/* End PBXVariantGroup section */

/* Begin XCBuildConfiguration section */
		1FA4DDFA1BBAC7A700EE7E14 /* Debug */ = {
			isa = XCBuildConfiguration;
			buildSettings = {
				ALWAYS_SEARCH_USER_PATHS = NO;
				CLANG_CXX_LANGUAGE_STANDARD = "gnu++0x";
				CLANG_CXX_LIBRARY = "libc++";
				CLANG_ENABLE_MODULES = YES;
				CLANG_ENABLE_OBJC_ARC = YES;
				CLANG_WARN_BOOL_CONVERSION = YES;
				CLANG_WARN_CONSTANT_CONVERSION = YES;
				CLANG_WARN_DIRECT_OBJC_ISA_USAGE = YES_ERROR;
				CLANG_WARN_EMPTY_BODY = YES;
				CLANG_WARN_ENUM_CONVERSION = YES;
				CLANG_WARN_INT_CONVERSION = YES;
				CLANG_WARN_OBJC_ROOT_CLASS = YES_ERROR;
				CLANG_WARN_UNREACHABLE_CODE = YES;
				CLANG_WARN__DUPLICATE_METHOD_MATCH = YES;
				"CODE_SIGN_IDENTITY[sdk=iphoneos*]" = "iPhone Developer";
				COPY_PHASE_STRIP = NO;
				DEBUG_INFORMATION_FORMAT = dwarf;
				ENABLE_STRICT_OBJC_MSGSEND = YES;
				ENABLE_TESTABILITY = YES;
				GCC_C_LANGUAGE_STANDARD = gnu99;
				GCC_DYNAMIC_NO_PIC = NO;
				GCC_NO_COMMON_BLOCKS = YES;
				GCC_OPTIMIZATION_LEVEL = 0;
				GCC_PREPROCESSOR_DEFINITIONS = (
					"DEBUG=1",
					"$(inherited)",
				);
				GCC_WARN_64_TO_32_BIT_CONVERSION = YES;
				GCC_WARN_ABOUT_RETURN_TYPE = YES_ERROR;
				GCC_WARN_UNDECLARED_SELECTOR = YES;
				GCC_WARN_UNINITIALIZED_AUTOS = YES_AGGRESSIVE;
				GCC_WARN_UNUSED_FUNCTION = YES;
				GCC_WARN_UNUSED_VARIABLE = YES;
				IPHONEOS_DEPLOYMENT_TARGET = 9.0;
				MTL_ENABLE_DEBUG_INFO = YES;
				ONLY_ACTIVE_ARCH = YES;
				SDKROOT = iphoneos;
				SWIFT_OBJC_BRIDGING_HEADER = "";
				SWIFT_OPTIMIZATION_LEVEL = "-Onone";
			};
			name = Debug;
		};
		1FA4DDFB1BBAC7A700EE7E14 /* Release */ = {
			isa = XCBuildConfiguration;
			buildSettings = {
				ALWAYS_SEARCH_USER_PATHS = NO;
				CLANG_CXX_LANGUAGE_STANDARD = "gnu++0x";
				CLANG_CXX_LIBRARY = "libc++";
				CLANG_ENABLE_MODULES = YES;
				CLANG_ENABLE_OBJC_ARC = YES;
				CLANG_WARN_BOOL_CONVERSION = YES;
				CLANG_WARN_CONSTANT_CONVERSION = YES;
				CLANG_WARN_DIRECT_OBJC_ISA_USAGE = YES_ERROR;
				CLANG_WARN_EMPTY_BODY = YES;
				CLANG_WARN_ENUM_CONVERSION = YES;
				CLANG_WARN_INT_CONVERSION = YES;
				CLANG_WARN_OBJC_ROOT_CLASS = YES_ERROR;
				CLANG_WARN_UNREACHABLE_CODE = YES;
				CLANG_WARN__DUPLICATE_METHOD_MATCH = YES;
				"CODE_SIGN_IDENTITY[sdk=iphoneos*]" = "iPhone Developer";
				COPY_PHASE_STRIP = NO;
				DEBUG_INFORMATION_FORMAT = "dwarf-with-dsym";
				ENABLE_NS_ASSERTIONS = NO;
				ENABLE_STRICT_OBJC_MSGSEND = YES;
				GCC_C_LANGUAGE_STANDARD = gnu99;
				GCC_NO_COMMON_BLOCKS = YES;
				GCC_WARN_64_TO_32_BIT_CONVERSION = YES;
				GCC_WARN_ABOUT_RETURN_TYPE = YES_ERROR;
				GCC_WARN_UNDECLARED_SELECTOR = YES;
				GCC_WARN_UNINITIALIZED_AUTOS = YES_AGGRESSIVE;
				GCC_WARN_UNUSED_FUNCTION = YES;
				GCC_WARN_UNUSED_VARIABLE = YES;
				IPHONEOS_DEPLOYMENT_TARGET = 9.0;
				MTL_ENABLE_DEBUG_INFO = NO;
				SDKROOT = iphoneos;
				SWIFT_OBJC_BRIDGING_HEADER = "";
				VALIDATE_PRODUCT = YES;
			};
			name = Release;
		};
		1FA4DDFD1BBAC7A700EE7E14 /* Debug */ = {
			isa = XCBuildConfiguration;
			baseConfigurationReference = 201AC0F4E1A0877CBD4A2EAC /* Pods-DeafNews.debug.xcconfig */;
			buildSettings = {
				ASSETCATALOG_COMPILER_APPICON_NAME = AppIcon;
				CLANG_ENABLE_MODULES = YES;
				CODE_SIGN_IDENTITY = "iPhone Developer";
				INFOPLIST_FILE = DeafNews/Info.plist;
				LD_RUNPATH_SEARCH_PATHS = "$(inherited) @executable_path/Frameworks";
				PRODUCT_BUNDLE_IDENTIFIER = SA.DeafNews;
				PRODUCT_NAME = "$(TARGET_NAME)";
				SWIFT_OPTIMIZATION_LEVEL = "-Onone";
				TARGETED_DEVICE_FAMILY = 1;
			};
			name = Debug;
		};
		1FA4DDFE1BBAC7A700EE7E14 /* Release */ = {
			isa = XCBuildConfiguration;
			baseConfigurationReference = 22FD57F39AA47A37A60E7166 /* Pods-DeafNews.release.xcconfig */;
			buildSettings = {
				ASSETCATALOG_COMPILER_APPICON_NAME = AppIcon;
				CLANG_ENABLE_MODULES = YES;
				CODE_SIGN_IDENTITY = "iPhone Developer";
				INFOPLIST_FILE = DeafNews/Info.plist;
				LD_RUNPATH_SEARCH_PATHS = "$(inherited) @executable_path/Frameworks";
				PRODUCT_BUNDLE_IDENTIFIER = SA.DeafNews;
				PRODUCT_NAME = "$(TARGET_NAME)";
				TARGETED_DEVICE_FAMILY = 1;
			};
			name = Release;
		};
/* End XCBuildConfiguration section */

/* Begin XCConfigurationList section */
		1FA4DDE21BBAC7A700EE7E14 /* Build configuration list for PBXProject "DeafNews" */ = {
			isa = XCConfigurationList;
			buildConfigurations = (
				1FA4DDFA1BBAC7A700EE7E14 /* Debug */,
				1FA4DDFB1BBAC7A700EE7E14 /* Release */,
			);
			defaultConfigurationIsVisible = 0;
			defaultConfigurationName = Release;
		};
		1FA4DDFC1BBAC7A700EE7E14 /* Build configuration list for PBXNativeTarget "DeafNews" */ = {
			isa = XCConfigurationList;
			buildConfigurations = (
				1FA4DDFD1BBAC7A700EE7E14 /* Debug */,
				1FA4DDFE1BBAC7A700EE7E14 /* Release */,
			);
			defaultConfigurationIsVisible = 0;
			defaultConfigurationName = Release;
		};
/* End XCConfigurationList section */

/* Begin XCVersionGroup section */
		1FA4DDF11BBAC7A700EE7E14 /* DeafNews.xcdatamodeld */ = {
			isa = XCVersionGroup;
			children = (
				1FA4DDF21BBAC7A700EE7E14 /* DeafNews.xcdatamodel */,
			);
			currentVersion = 1FA4DDF21BBAC7A700EE7E14 /* DeafNews.xcdatamodel */;
			path = DeafNews.xcdatamodeld;
			sourceTree = "<group>";
			versionGroupType = wrapper.xcdatamodel;
		};
/* End XCVersionGroup section */
	};
	rootObject = 1FA4DDDF1BBAC7A700EE7E14 /* Project object */;
}
